
Microsoft Visual Studio Solution File, Format Version 12.00
# Visual Studio Version 17
VisualStudioVersion = 17.10.35122.118
MinimumVisualStudioVersion = 10.0.40219.1
Project("{8BC9CEB8-8B4A-11D0-8D11-00A0C91BC942}") = "buoi5", "buoi5\buoi5.vcxproj", "{38889181-E874-4A59-A3BF-387372167CDB}"
EndProject
Global
	GlobalSection(SolutionConfigurationPlatforms) = preSolution
		Debug|x64 = Debug|x64
		Debug|x86 = Debug|x86
		Release|x64 = Release|x64
		Release|x86 = Release|x86
	EndGlobalSection
	GlobalSection(ProjectConfigurationPlatforms) = postSolution
		{38889181-E874-4A59-A3BF-387372167CDB}.Debug|x64.ActiveCfg = Debug|x64
		{38889181-E874-4A59-A3BF-387372167CDB}.Debug|x64.Build.0 = Debug|x64
		{38889181-E874-4A59-A3BF-387372167CDB}.Debug|x86.ActiveCfg = Debug|Win32
		{38889181-E874-4A59-A3BF-387372167CDB}.Debug|x86.Build.0 = Debug|Win32
		{38889181-E874-4A59-A3BF-387372167CDB}.Release|x64.ActiveCfg = Release|x64
		{38889181-E874-4A59-A3BF-387372167CDB}.Release|x64.Build.0 = Release|x64
		{38889181-E874-4A59-A3BF-387372167CDB}.Release|x86.ActiveCfg = Release|Win32
		{38889181-E874-4A59-A3BF-387372167CDB}.Release|x86.Build.0 = Release|Win32
	EndGlobalSection
	GlobalSection(SolutionProperties) = preSolution
		HideSolutionNode = FALSE
	EndGlobalSection
	GlobalSection(ExtensibilityGlobals) = postSolution
		SolutionGuid = {9F916B46-EDAF-465C-9104-CC01476AD0A3}
	EndGlobalSection
EndGlobal
